
Microsoft Visual Studio Solution File, Format Version 12.00
# Visual Studio Version 17
VisualStudioVersion = 17.8.34316.72
MinimumVisualStudioVersion = 10.0.40219.1
Project("{9A19103F-16F7-4668-BE54-9A1E7A4F7556}") = "AppConstructionLabs", "AppConstructionLabs\AppConstructionLabs.csproj", "{3A571648-8612-425A-9D9F-6DF589192FA4}"
EndProject
Project("{9A19103F-16F7-4668-BE54-9A1E7A4F7556}") = "TravellingTaskGeneticSolver", "TravellingTaskGeneticSolver\TravellingTaskGeneticSolver.csproj", "{ECA93F2F-DEB5-4C1E-8C54-A54B8950BC82}"
EndProject
Project("{FAE04EC0-301F-11D3-BF4B-00C04F79EFBC}") = "ApplicationUI", "ApplicationUI\ApplicationUI.csproj", "{496D1556-F654-4311-AB80-6174BB2195A2}"
	ProjectSection(ProjectDependencies) = postProject
		{ECA93F2F-DEB5-4C1E-8C54-A54B8950BC82} = {ECA93F2F-DEB5-4C1E-8C54-A54B8950BC82}
	EndProjectSection
EndProject
Global
	GlobalSection(SolutionConfigurationPlatforms) = preSolution
		Debug|Any CPU = Debug|Any CPU
		Release|Any CPU = Release|Any CPU
	EndGlobalSection
	GlobalSection(ProjectConfigurationPlatforms) = postSolution
		{3A571648-8612-425A-9D9F-6DF589192FA4}.Debug|Any CPU.ActiveCfg = Debug|Any CPU
		{3A571648-8612-425A-9D9F-6DF589192FA4}.Debug|Any CPU.Build.0 = Debug|Any CPU
		{3A571648-8612-425A-9D9F-6DF589192FA4}.Release|Any CPU.ActiveCfg = Release|Any CPU
		{3A571648-8612-425A-9D9F-6DF589192FA4}.Release|Any CPU.Build.0 = Release|Any CPU
		{ECA93F2F-DEB5-4C1E-8C54-A54B8950BC82}.Debug|Any CPU.ActiveCfg = Debug|Any CPU
		{ECA93F2F-DEB5-4C1E-8C54-A54B8950BC82}.Debug|Any CPU.Build.0 = Debug|Any CPU
		{ECA93F2F-DEB5-4C1E-8C54-A54B8950BC82}.Release|Any CPU.ActiveCfg = Release|Any CPU
		{ECA93F2F-DEB5-4C1E-8C54-A54B8950BC82}.Release|Any CPU.Build.0 = Release|Any CPU
		{496D1556-F654-4311-AB80-6174BB2195A2}.Debug|Any CPU.ActiveCfg = Debug|Any CPU
		{496D1556-F654-4311-AB80-6174BB2195A2}.Debug|Any CPU.Build.0 = Debug|Any CPU
		{496D1556-F654-4311-AB80-6174BB2195A2}.Release|Any CPU.ActiveCfg = Release|Any CPU
		{496D1556-F654-4311-AB80-6174BB2195A2}.Release|Any CPU.Build.0 = Release|Any CPU
	EndGlobalSection
	GlobalSection(SolutionProperties) = preSolution
		HideSolutionNode = FALSE
	EndGlobalSection
	GlobalSection(ExtensibilityGlobals) = postSolution
		SolutionGuid = {848FFE41-5123-47C6-96D5-B62078A95E9F}
	EndGlobalSection
EndGlobal
